
Microsoft Visual Studio Solution File, Format Version 12.00
# Visual Studio Version 17
VisualStudioVersion = 17.8.34309.116
MinimumVisualStudioVersion = 10.0.40219.1
Project("{9A19103F-16F7-4668-BE54-9A1E7A4F7556}") = "MicroBlog.Web", "src\MicroBlog.Web\MicroBlog.Web.csproj", "{57D48CEE-C8DE-4BC5-98FE-B1D6213E5A62}"
EndProject
Project("{9A19103F-16F7-4668-BE54-9A1E7A4F7556}") = "MicroBlog.Identity", "src\MicroBlog.Identity\MicroBlog.Identity.csproj", "{B5E20AFD-2527-4ABD-B86F-18FE219C186B}"
EndProject
Project("{2150E333-8FDC-42A3-9474-1A3956D46DE8}") = "build", "build", "{B033D571-85A7-4BBE-9340-D0908ABC1C5E}"
	ProjectSection(SolutionItems) = preProject
		directory.build.props = directory.build.props
	EndProjectSection
EndProject
Project("{9A19103F-16F7-4668-BE54-9A1E7A4F7556}") = "MicroBlog.Identity.SQLServer", "src\MicroBlog.Identity.SQLServer\MicroBlog.Identity.SQLServer.csproj", "{AC7A815A-14F8-4F06-A66E-ED9CE803CEED}"
EndProject
Project("{9A19103F-16F7-4668-BE54-9A1E7A4F7556}") = "MicroBlog.Data.EF", "src\MicroBlog.Data.EF\MicroBlog.Data.EF.csproj", "{C2ECBAB0-6F37-4FA4-B60B-5B14ACB46F30}"
EndProject
Project("{9A19103F-16F7-4668-BE54-9A1E7A4F7556}") = "MicroBlog.Core", "src\MicroBlog.Core\MicroBlog.Core.csproj", "{D3000420-8122-4694-8A53-673E0C6C98E4}"
EndProject
Project("{FAE04EC0-301F-11D3-BF4B-00C04F79EFBC}") = "MicroBlog.Data.EF.SQLServer", "src\MicroBlog.Data.EF.SQLServer\MicroBlog.Data.EF.SQLServer.csproj", "{567BF5DC-B616-456F-ADD5-AAF745BCC819}"
EndProject
Global
	GlobalSection(SolutionConfigurationPlatforms) = preSolution
		Debug|Any CPU = Debug|Any CPU
		Release|Any CPU = Release|Any CPU
	EndGlobalSection
	GlobalSection(ProjectConfigurationPlatforms) = postSolution
		{57D48CEE-C8DE-4BC5-98FE-B1D6213E5A62}.Debug|Any CPU.ActiveCfg = Debug|Any CPU
		{57D48CEE-C8DE-4BC5-98FE-B1D6213E5A62}.Debug|Any CPU.Build.0 = Debug|Any CPU
		{57D48CEE-C8DE-4BC5-98FE-B1D6213E5A62}.Release|Any CPU.ActiveCfg = Release|Any CPU
		{57D48CEE-C8DE-4BC5-98FE-B1D6213E5A62}.Release|Any CPU.Build.0 = Release|Any CPU
		{B5E20AFD-2527-4ABD-B86F-18FE219C186B}.Debug|Any CPU.ActiveCfg = Debug|Any CPU
		{B5E20AFD-2527-4ABD-B86F-18FE219C186B}.Debug|Any CPU.Build.0 = Debug|Any CPU
		{B5E20AFD-2527-4ABD-B86F-18FE219C186B}.Release|Any CPU.ActiveCfg = Release|Any CPU
		{B5E20AFD-2527-4ABD-B86F-18FE219C186B}.Release|Any CPU.Build.0 = Release|Any CPU
		{AC7A815A-14F8-4F06-A66E-ED9CE803CEED}.Debug|Any CPU.ActiveCfg = Debug|Any CPU
		{AC7A815A-14F8-4F06-A66E-ED9CE803CEED}.Debug|Any CPU.Build.0 = Debug|Any CPU
		{AC7A815A-14F8-4F06-A66E-ED9CE803CEED}.Release|Any CPU.ActiveCfg = Release|Any CPU
		{AC7A815A-14F8-4F06-A66E-ED9CE803CEED}.Release|Any CPU.Build.0 = Release|Any CPU
		{C2ECBAB0-6F37-4FA4-B60B-5B14ACB46F30}.Debug|Any CPU.ActiveCfg = Debug|Any CPU
		{C2ECBAB0-6F37-4FA4-B60B-5B14ACB46F30}.Debug|Any CPU.Build.0 = Debug|Any CPU
		{C2ECBAB0-6F37-4FA4-B60B-5B14ACB46F30}.Release|Any CPU.ActiveCfg = Release|Any CPU
		{C2ECBAB0-6F37-4FA4-B60B-5B14ACB46F30}.Release|Any CPU.Build.0 = Release|Any CPU
		{D3000420-8122-4694-8A53-673E0C6C98E4}.Debug|Any CPU.ActiveCfg = Debug|Any CPU
		{D3000420-8122-4694-8A53-673E0C6C98E4}.Debug|Any CPU.Build.0 = Debug|Any CPU
		{D3000420-8122-4694-8A53-673E0C6C98E4}.Release|Any CPU.ActiveCfg = Release|Any CPU
		{D3000420-8122-4694-8A53-673E0C6C98E4}.Release|Any CPU.Build.0 = Release|Any CPU
		{567BF5DC-B616-456F-ADD5-AAF745BCC819}.Debug|Any CPU.ActiveCfg = Debug|Any CPU
		{567BF5DC-B616-456F-ADD5-AAF745BCC819}.Debug|Any CPU.Build.0 = Debug|Any CPU
		{567BF5DC-B616-456F-ADD5-AAF745BCC819}.Release|Any CPU.ActiveCfg = Release|Any CPU
		{567BF5DC-B616-456F-ADD5-AAF745BCC819}.Release|Any CPU.Build.0 = Release|Any CPU
	EndGlobalSection
	GlobalSection(SolutionProperties) = preSolution
		HideSolutionNode = FALSE
	EndGlobalSection
	GlobalSection(ExtensibilityGlobals) = postSolution
		SolutionGuid = {B9EE6E75-48F1-4DDD-B125-6E3FEE3D8CD6}
	EndGlobalSection
EndGlobal
