
Microsoft Visual Studio Solution File, Format Version 12.00
# Visual Studio Version 17
VisualStudioVersion = 17.8.34309.116
MinimumVisualStudioVersion = 10.0.40219.1
Project("{9A19103F-16F7-4668-BE54-9A1E7A4F7556}") = "MicroBlog.Web", "src\MicroBlog.Web\MicroBlog.Web.csproj", "{57D48CEE-C8DE-4BC5-98FE-B1D6213E5A62}"
EndProject
Project("{2150E333-8FDC-42A3-9474-1A3956D46DE8}") = "build", "build", "{B033D571-85A7-4BBE-9340-D0908ABC1C5E}"
	ProjectSection(SolutionItems) = preProject
		directory.build.props = directory.build.props
	EndProjectSection
EndProject
Project("{9A19103F-16F7-4668-BE54-9A1E7A4F7556}") = "MicroBlog.Data.EF", "src\MicroBlog.Data.EF\MicroBlog.Data.EF.csproj", "{C2ECBAB0-6F37-4FA4-B60B-5B14ACB46F30}"
EndProject
Project("{9A19103F-16F7-4668-BE54-9A1E7A4F7556}") = "MicroBlog.Core", "src\MicroBlog.Core\MicroBlog.Core.csproj", "{D3000420-8122-4694-8A53-673E0C6C98E4}"
EndProject
Project("{9A19103F-16F7-4668-BE54-9A1E7A4F7556}") = "MicroBlog.Data.EF.SQLServer", "src\MicroBlog.Data.EF.SQLServer\MicroBlog.Data.EF.SQLServer.csproj", "{567BF5DC-B616-456F-ADD5-AAF745BCC819}"
EndProject
Project("{9A19103F-16F7-4668-BE54-9A1E7A4F7556}") = "MicroBlog.Services", "src\MicroBlog.Services\MicroBlog.Services.csproj", "{EE60F65C-0EE0-4AC8-8E68-52EA6CF9F2AF}"
EndProject
Project("{2150E333-8FDC-42A3-9474-1A3956D46DE8}") = "src", "src", "{5D7B05B5-D8A4-4267-8D5D-DA0A27D896CA}"
EndProject
Project("{2150E333-8FDC-42A3-9474-1A3956D46DE8}") = "tests", "tests", "{1F3AEDE5-59CE-465B-A35E-0EF30256FAA1}"
EndProject
Project("{9A19103F-16F7-4668-BE54-9A1E7A4F7556}") = "MicroBlog.Data.EF.Tests", "tests\MicroBlog.Data.EF.Tests\MicroBlog.Data.EF.Tests.csproj", "{4ABB7255-A84B-42D3-9143-5A7E113DEA73}"
EndProject
Project("{9A19103F-16F7-4668-BE54-9A1E7A4F7556}") = "MicroBlog.Identity", "src\MicroBlog.Identity\MicroBlog.Identity.csproj", "{DDAB202A-0510-4AEE-99DB-649876E41A73}"
EndProject
Project("{9A19103F-16F7-4668-BE54-9A1E7A4F7556}") = "MicroBlog.Identity.SQLServer", "src\MicroBlog.Identity.SQLServer\MicroBlog.Identity.SQLServer.csproj", "{C3069790-1635-4F89-9F2E-CC920F731C84}"
EndProject
Project("{FAE04EC0-301F-11D3-BF4B-00C04F79EFBC}") = "MicroBlog.Workers", "src\MicroBlog.Workers\MicroBlog.Workers.csproj", "{0720EEF3-353D-4C18-B01B-5D6DF50AE5F8}"
EndProject
Global
	GlobalSection(SolutionConfigurationPlatforms) = preSolution
		Debug|Any CPU = Debug|Any CPU
		Release|Any CPU = Release|Any CPU
	EndGlobalSection
	GlobalSection(ProjectConfigurationPlatforms) = postSolution
		{57D48CEE-C8DE-4BC5-98FE-B1D6213E5A62}.Debug|Any CPU.ActiveCfg = Debug|Any CPU
		{57D48CEE-C8DE-4BC5-98FE-B1D6213E5A62}.Debug|Any CPU.Build.0 = Debug|Any CPU
		{57D48CEE-C8DE-4BC5-98FE-B1D6213E5A62}.Release|Any CPU.ActiveCfg = Release|Any CPU
		{57D48CEE-C8DE-4BC5-98FE-B1D6213E5A62}.Release|Any CPU.Build.0 = Release|Any CPU
		{C2ECBAB0-6F37-4FA4-B60B-5B14ACB46F30}.Debug|Any CPU.ActiveCfg = Debug|Any CPU
		{C2ECBAB0-6F37-4FA4-B60B-5B14ACB46F30}.Debug|Any CPU.Build.0 = Debug|Any CPU
		{C2ECBAB0-6F37-4FA4-B60B-5B14ACB46F30}.Release|Any CPU.ActiveCfg = Release|Any CPU
		{C2ECBAB0-6F37-4FA4-B60B-5B14ACB46F30}.Release|Any CPU.Build.0 = Release|Any CPU
		{D3000420-8122-4694-8A53-673E0C6C98E4}.Debug|Any CPU.ActiveCfg = Debug|Any CPU
		{D3000420-8122-4694-8A53-673E0C6C98E4}.Debug|Any CPU.Build.0 = Debug|Any CPU
		{D3000420-8122-4694-8A53-673E0C6C98E4}.Release|Any CPU.ActiveCfg = Release|Any CPU
		{D3000420-8122-4694-8A53-673E0C6C98E4}.Release|Any CPU.Build.0 = Release|Any CPU
		{567BF5DC-B616-456F-ADD5-AAF745BCC819}.Debug|Any CPU.ActiveCfg = Debug|Any CPU
		{567BF5DC-B616-456F-ADD5-AAF745BCC819}.Debug|Any CPU.Build.0 = Debug|Any CPU
		{567BF5DC-B616-456F-ADD5-AAF745BCC819}.Release|Any CPU.ActiveCfg = Release|Any CPU
		{567BF5DC-B616-456F-ADD5-AAF745BCC819}.Release|Any CPU.Build.0 = Release|Any CPU
		{EE60F65C-0EE0-4AC8-8E68-52EA6CF9F2AF}.Debug|Any CPU.ActiveCfg = Debug|Any CPU
		{EE60F65C-0EE0-4AC8-8E68-52EA6CF9F2AF}.Debug|Any CPU.Build.0 = Debug|Any CPU
		{EE60F65C-0EE0-4AC8-8E68-52EA6CF9F2AF}.Release|Any CPU.ActiveCfg = Release|Any CPU
		{EE60F65C-0EE0-4AC8-8E68-52EA6CF9F2AF}.Release|Any CPU.Build.0 = Release|Any CPU
		{4ABB7255-A84B-42D3-9143-5A7E113DEA73}.Debug|Any CPU.ActiveCfg = Debug|Any CPU
		{4ABB7255-A84B-42D3-9143-5A7E113DEA73}.Debug|Any CPU.Build.0 = Debug|Any CPU
		{4ABB7255-A84B-42D3-9143-5A7E113DEA73}.Release|Any CPU.ActiveCfg = Release|Any CPU
		{4ABB7255-A84B-42D3-9143-5A7E113DEA73}.Release|Any CPU.Build.0 = Release|Any CPU
		{DDAB202A-0510-4AEE-99DB-649876E41A73}.Debug|Any CPU.ActiveCfg = Debug|Any CPU
		{DDAB202A-0510-4AEE-99DB-649876E41A73}.Debug|Any CPU.Build.0 = Debug|Any CPU
		{DDAB202A-0510-4AEE-99DB-649876E41A73}.Release|Any CPU.ActiveCfg = Release|Any CPU
		{DDAB202A-0510-4AEE-99DB-649876E41A73}.Release|Any CPU.Build.0 = Release|Any CPU
		{C3069790-1635-4F89-9F2E-CC920F731C84}.Debug|Any CPU.ActiveCfg = Debug|Any CPU
		{C3069790-1635-4F89-9F2E-CC920F731C84}.Debug|Any CPU.Build.0 = Debug|Any CPU
		{C3069790-1635-4F89-9F2E-CC920F731C84}.Release|Any CPU.ActiveCfg = Release|Any CPU
		{C3069790-1635-4F89-9F2E-CC920F731C84}.Release|Any CPU.Build.0 = Release|Any CPU
		{0720EEF3-353D-4C18-B01B-5D6DF50AE5F8}.Debug|Any CPU.ActiveCfg = Debug|Any CPU
		{0720EEF3-353D-4C18-B01B-5D6DF50AE5F8}.Debug|Any CPU.Build.0 = Debug|Any CPU
		{0720EEF3-353D-4C18-B01B-5D6DF50AE5F8}.Release|Any CPU.ActiveCfg = Release|Any CPU
		{0720EEF3-353D-4C18-B01B-5D6DF50AE5F8}.Release|Any CPU.Build.0 = Release|Any CPU
	EndGlobalSection
	GlobalSection(SolutionProperties) = preSolution
		HideSolutionNode = FALSE
	EndGlobalSection
	GlobalSection(NestedProjects) = preSolution
		{57D48CEE-C8DE-4BC5-98FE-B1D6213E5A62} = {5D7B05B5-D8A4-4267-8D5D-DA0A27D896CA}
		{C2ECBAB0-6F37-4FA4-B60B-5B14ACB46F30} = {5D7B05B5-D8A4-4267-8D5D-DA0A27D896CA}
		{D3000420-8122-4694-8A53-673E0C6C98E4} = {5D7B05B5-D8A4-4267-8D5D-DA0A27D896CA}
		{567BF5DC-B616-456F-ADD5-AAF745BCC819} = {5D7B05B5-D8A4-4267-8D5D-DA0A27D896CA}
		{EE60F65C-0EE0-4AC8-8E68-52EA6CF9F2AF} = {5D7B05B5-D8A4-4267-8D5D-DA0A27D896CA}
		{4ABB7255-A84B-42D3-9143-5A7E113DEA73} = {1F3AEDE5-59CE-465B-A35E-0EF30256FAA1}
		{DDAB202A-0510-4AEE-99DB-649876E41A73} = {5D7B05B5-D8A4-4267-8D5D-DA0A27D896CA}
		{C3069790-1635-4F89-9F2E-CC920F731C84} = {5D7B05B5-D8A4-4267-8D5D-DA0A27D896CA}
		{0720EEF3-353D-4C18-B01B-5D6DF50AE5F8} = {5D7B05B5-D8A4-4267-8D5D-DA0A27D896CA}
	EndGlobalSection
	GlobalSection(ExtensibilityGlobals) = postSolution
		SolutionGuid = {B9EE6E75-48F1-4DDD-B125-6E3FEE3D8CD6}
	EndGlobalSection
EndGlobal
